{
  "object": {
    "pins": [
      {
        "package": "Alamofire",
        "repositoryURL": "https://github.com/Alamofire/Alamofire.git",
        "state": {
          "branch": null,
          "revision" : "bc268c28fb170f494de9e9927c371b8342979ece",
          "version" : "5.7.1"
        }
      }
    ]
  },
  "version": 1
}
