// !$*UTF8*$!
{
	archiveVersion = 1;
	classes = {
	};
	objectVersion = 46;
	objects = {

/* Begin PBXBuildFile section */
		4C3006D31AACEBC20029EA50 /* Images.xcassets in Resources */ = {isa = PBXBuildFile; fileRef = 4C3006CE1AACEBC20029EA50 /* Images.xcassets */; };
		4C3006D41AACEBC20029EA50 /* AppDelegate.swift in Sources */ = {isa = PBXBuildFile; fileRef = 4C3006CF1AACEBC20029EA50 /* AppDelegate.swift */; };
		4C5AD6C71AACEE7C006EB75F /* LaunchScreen.xib in Resources */ = {isa = PBXBuildFile; fileRef = 4C5AD6C51AACEE7C006EB75F /* LaunchScreen.xib */; };
		4C8290761B925826005E24C8 /* Gravatar.swift in Sources */ = {isa = PBXBuildFile; fileRef = 4C8290751B925826005E24C8 /* Gravatar.swift */; };
		4CE5AA9D1B9BDD6B003530D6 /* Alamofire.framework in Frameworks */ = {isa = PBXBuildFile; fileRef = 4CE5AA901B9BDD48003530D6 /* Alamofire.framework */; };
		4CE5AA9E1B9BDD6B003530D6 /* Alamofire.framework in Embed Frameworks */ = {isa = PBXBuildFile; fileRef = 4CE5AA901B9BDD48003530D6 /* Alamofire.framework */; settings = {ATTRIBUTES = (CodeSignOnCopy, RemoveHeadersOnCopy, ); }; };
		4CE5AAA21B9BDD70003530D6 /* AlamofireImage.framework in Frameworks */ = {isa = PBXBuildFile; fileRef = 4C6CA2511B9BDCAF00AC6AD7 /* AlamofireImage.framework */; };
		4CE5AAA31B9BDD70003530D6 /* AlamofireImage.framework in Embed Frameworks */ = {isa = PBXBuildFile; fileRef = 4C6CA2511B9BDCAF00AC6AD7 /* AlamofireImage.framework */; settings = {ATTRIBUTES = (CodeSignOnCopy, RemoveHeadersOnCopy, ); }; };
		4CF743C11AAD756500C2C725 /* ImageCell.swift in Sources */ = {isa = PBXBuildFile; fileRef = 4CF743BE1AAD756500C2C725 /* ImageCell.swift */; };
		4CF743C21AAD756500C2C725 /* ImagesViewController.swift in Sources */ = {isa = PBXBuildFile; fileRef = 4CF743BF1AAD756500C2C725 /* ImagesViewController.swift */; };
		4CF743C31AAD756500C2C725 /* ImageViewController.swift in Sources */ = {isa = PBXBuildFile; fileRef = 4CF743C01AAD756500C2C725 /* ImageViewController.swift */; };
/* End PBXBuildFile section */

/* Begin PBXContainerItemProxy section */
		29EFDC4F1D1992DD00B2ACEE /* PBXContainerItemProxy */ = {
			isa = PBXContainerItemProxy;
			containerPortal = 4CE5AA871B9BDD48003530D6 /* Alamofire.xcodeproj */;
			proxyType = 2;
			remoteGlobalIDString = 4CF626EF1BA7CB3E0011A099;
			remoteInfo = "Alamofire tvOS";
		};
		29EFDC511D1992DD00B2ACEE /* PBXContainerItemProxy */ = {
			isa = PBXContainerItemProxy;
			containerPortal = 4CE5AA871B9BDD48003530D6 /* Alamofire.xcodeproj */;
			proxyType = 2;
			remoteGlobalIDString = 4CF626F81BA7CB3E0011A099;
			remoteInfo = "Alamofire tvOS Tests";
		};
		29EFDC591D1992DD00B2ACEE /* PBXContainerItemProxy */ = {
			isa = PBXContainerItemProxy;
			containerPortal = 4C6CA2481B9BDCAF00AC6AD7 /* AlamofireImage.xcodeproj */;
			proxyType = 2;
			remoteGlobalIDString = 4C16B37D1BA9399500A66EF0;
			remoteInfo = "AlamofireImage tvOS";
		};
		29EFDC5B1D1992DD00B2ACEE /* PBXContainerItemProxy */ = {
			isa = PBXContainerItemProxy;
			containerPortal = 4C6CA2481B9BDCAF00AC6AD7 /* AlamofireImage.xcodeproj */;
			proxyType = 2;
			remoteGlobalIDString = 4C16B3861BA9399500A66EF0;
			remoteInfo = "AlamofireImage tvOS Tests";
		};
		4C6CA2501B9BDCAF00AC6AD7 /* PBXContainerItemProxy */ = {
			isa = PBXContainerItemProxy;
			containerPortal = 4C6CA2481B9BDCAF00AC6AD7 /* AlamofireImage.xcodeproj */;
			proxyType = 2;
			remoteGlobalIDString = 4C9043771AABBFC5001B4E60;
			remoteInfo = "AlamofireImage iOS";
		};
		4C6CA2521B9BDCAF00AC6AD7 /* PBXContainerItemProxy */ = {
			isa = PBXContainerItemProxy;
			containerPortal = 4C6CA2481B9BDCAF00AC6AD7 /* AlamofireImage.xcodeproj */;
			proxyType = 2;
			remoteGlobalIDString = 4CE611321AABC24E00D35044;
			remoteInfo = "AlamofireImage OSX";
		};
		4C6CA2541B9BDCAF00AC6AD7 /* PBXContainerItemProxy */ = {
			isa = PBXContainerItemProxy;
			containerPortal = 4C6CA2481B9BDCAF00AC6AD7 /* AlamofireImage.xcodeproj */;
			proxyType = 2;
			remoteGlobalIDString = 4C4D4EC11B92976900C96855;
			remoteInfo = "AlamofireImage watchOS";
		};
		4C6CA2561B9BDCAF00AC6AD7 /* PBXContainerItemProxy */ = {
			isa = PBXContainerItemProxy;
			containerPortal = 4C6CA2481B9BDCAF00AC6AD7 /* AlamofireImage.xcodeproj */;
			proxyType = 2;
			remoteGlobalIDString = 4C9043821AABBFC5001B4E60;
			remoteInfo = "AlamofireImage iOS Tests";
		};
		4C6CA2581B9BDCAF00AC6AD7 /* PBXContainerItemProxy */ = {
			isa = PBXContainerItemProxy;
			containerPortal = 4C6CA2481B9BDCAF00AC6AD7 /* AlamofireImage.xcodeproj */;
			proxyType = 2;
			remoteGlobalIDString = 4CE611471AABC5C900D35044;
			remoteInfo = "AlamofireImage OSX Tests";
		};
		4CE5AA8F1B9BDD48003530D6 /* PBXContainerItemProxy */ = {
			isa = PBXContainerItemProxy;
			containerPortal = 4CE5AA871B9BDD48003530D6 /* Alamofire.xcodeproj */;
			proxyType = 2;
			remoteGlobalIDString = F8111E3319A95C8B0040E7D1;
			remoteInfo = "Alamofire iOS";
		};
		4CE5AA911B9BDD48003530D6 /* PBXContainerItemProxy */ = {
			isa = PBXContainerItemProxy;
			containerPortal = 4CE5AA871B9BDD48003530D6 /* Alamofire.xcodeproj */;
			proxyType = 2;
			remoteGlobalIDString = 4DD67C0B1A5C55C900ED2280;
			remoteInfo = "Alamofire OSX";
		};
		4CE5AA931B9BDD48003530D6 /* PBXContainerItemProxy */ = {
			isa = PBXContainerItemProxy;
			containerPortal = 4CE5AA871B9BDD48003530D6 /* Alamofire.xcodeproj */;
			proxyType = 2;
			remoteGlobalIDString = E4202FE01B667AA100C997FB;
			remoteInfo = "Alamofire watchOS";
		};
		4CE5AA951B9BDD48003530D6 /* PBXContainerItemProxy */ = {
			isa = PBXContainerItemProxy;
			containerPortal = 4CE5AA871B9BDD48003530D6 /* Alamofire.xcodeproj */;
			proxyType = 2;
			remoteGlobalIDString = F8111E3E19A95C8B0040E7D1;
			remoteInfo = "Alamofire iOS Tests";
		};
		4CE5AA971B9BDD48003530D6 /* PBXContainerItemProxy */ = {
			isa = PBXContainerItemProxy;
			containerPortal = 4CE5AA871B9BDD48003530D6 /* Alamofire.xcodeproj */;
			proxyType = 2;
			remoteGlobalIDString = F829C6B21A7A94F100A2CD59;
			remoteInfo = "Alamofire OSX Tests";
		};
		4CE5AA9F1B9BDD6B003530D6 /* PBXContainerItemProxy */ = {
			isa = PBXContainerItemProxy;
			containerPortal = 4CE5AA871B9BDD48003530D6 /* Alamofire.xcodeproj */;
			proxyType = 1;
			remoteGlobalIDString = F8111E3219A95C8B0040E7D1;
			remoteInfo = "Alamofire iOS";
		};
		4CE5AAA41B9BDD70003530D6 /* PBXContainerItemProxy */ = {
			isa = PBXContainerItemProxy;
			containerPortal = 4C6CA2481B9BDCAF00AC6AD7 /* AlamofireImage.xcodeproj */;
			proxyType = 1;
			remoteGlobalIDString = 4C9043761AABBFC5001B4E60;
			remoteInfo = "AlamofireImage iOS";
		};
/* End PBXContainerItemProxy section */

/* Begin PBXCopyFilesBuildPhase section */
		4CE5AAA11B9BDD6B003530D6 /* Embed Frameworks */ = {
			isa = PBXCopyFilesBuildPhase;
			buildActionMask = 2147483647;
			dstPath = "";
			dstSubfolderSpec = 10;
			files = (
				4CE5AA9E1B9BDD6B003530D6 /* Alamofire.framework in Embed Frameworks */,
				4CE5AAA31B9BDD70003530D6 /* AlamofireImage.framework in Embed Frameworks */,
			);
			name = "Embed Frameworks";
			runOnlyForDeploymentPostprocessing = 0;
		};
/* End PBXCopyFilesBuildPhase section */

/* Begin PBXFileReference section */
		4C3006C71AACEBB60029EA50 /* Info.plist */ = {isa = PBXFileReference; fileEncoding = 4; lastKnownFileType = text.plist.xml; name = Info.plist; path = Example/Info.plist; sourceTree = SOURCE_ROOT; };
		4C3006CE1AACEBC20029EA50 /* Images.xcassets */ = {isa = PBXFileReference; lastKnownFileType = folder.assetcatalog; name = Images.xcassets; path = Example/Images.xcassets; sourceTree = SOURCE_ROOT; };
		4C3006CF1AACEBC20029EA50 /* AppDelegate.swift */ = {isa = PBXFileReference; fileEncoding = 4; lastKnownFileType = sourcecode.swift; name = AppDelegate.swift; path = Example/AppDelegate.swift; sourceTree = SOURCE_ROOT; };
		4C5AD6C61AACEE7C006EB75F /* Base */ = {isa = PBXFileReference; lastKnownFileType = file.xib; name = Base; path = Example/Base.lproj/LaunchScreen.xib; sourceTree = SOURCE_ROOT; };
		4C6CA2481B9BDCAF00AC6AD7 /* AlamofireImage.xcodeproj */ = {isa = PBXFileReference; lastKnownFileType = "wrapper.pb-project"; path = AlamofireImage.xcodeproj; sourceTree = "<group>"; };
		4C8290751B925826005E24C8 /* Gravatar.swift */ = {isa = PBXFileReference; fileEncoding = 4; lastKnownFileType = sourcecode.swift; name = Gravatar.swift; path = Example/Gravatar.swift; sourceTree = SOURCE_ROOT; };
		4C8290771B92582E005E24C8 /* iOS-Example-Bridging-Header.h */ = {isa = PBXFileReference; lastKnownFileType = sourcecode.c.h; name = "iOS-Example-Bridging-Header.h"; path = "Example/iOS-Example-Bridging-Header.h"; sourceTree = SOURCE_ROOT; };
		4CDA9E5C1AACEB740077861B /* AFImage.app */ = {isa = PBXFileReference; explicitFileType = wrapper.application; includeInIndex = 0; path = AFImage.app; sourceTree = BUILT_PRODUCTS_DIR; };
		4CE5AA871B9BDD48003530D6 /* Alamofire.xcodeproj */ = {isa = PBXFileReference; lastKnownFileType = "wrapper.pb-project"; name = Alamofire.xcodeproj; path = Carthage/Checkouts/Alamofire/Alamofire.xcodeproj; sourceTree = "<group>"; };
		4CF743BE1AAD756500C2C725 /* ImageCell.swift */ = {isa = PBXFileReference; fileEncoding = 4; lastKnownFileType = sourcecode.swift; name = ImageCell.swift; path = Example/ImageCell.swift; sourceTree = SOURCE_ROOT; };
		4CF743BF1AAD756500C2C725 /* ImagesViewController.swift */ = {isa = PBXFileReference; fileEncoding = 4; lastKnownFileType = sourcecode.swift; name = ImagesViewController.swift; path = Example/ImagesViewController.swift; sourceTree = SOURCE_ROOT; };
		4CF743C01AAD756500C2C725 /* ImageViewController.swift */ = {isa = PBXFileReference; fileEncoding = 4; lastKnownFileType = sourcecode.swift; name = ImageViewController.swift; path = Example/ImageViewController.swift; sourceTree = SOURCE_ROOT; };
/* End PBXFileReference section */

/* Begin PBXFrameworksBuildPhase section */
		4CDA9E591AACEB740077861B /* Frameworks */ = {
			isa = PBXFrameworksBuildPhase;
			buildActionMask = 2147483647;
			files = (
				4CE5AA9D1B9BDD6B003530D6 /* Alamofire.framework in Frameworks */,
				4CE5AAA21B9BDD70003530D6 /* AlamofireImage.framework in Frameworks */,
			);
			runOnlyForDeploymentPostprocessing = 0;
		};
/* End PBXFrameworksBuildPhase section */

/* Begin PBXGroup section */
		4C6CA2491B9BDCAF00AC6AD7 /* Products */ = {
			isa = PBXGroup;
			children = (
				4C6CA2511B9BDCAF00AC6AD7 /* AlamofireImage.framework */,
				4C6CA2571B9BDCAF00AC6AD7 /* AlamofireImage iOS Tests.xctest */,
				4C6CA2531B9BDCAF00AC6AD7 /* AlamofireImage.framework */,
				4C6CA2591B9BDCAF00AC6AD7 /* AlamofireImage macOS Tests.xctest */,
				29EFDC5A1D1992DD00B2ACEE /* AlamofireImage.framework */,
				29EFDC5C1D1992DD00B2ACEE /* AlamofireImage tvOS Tests.xctest */,
				4C6CA2551B9BDCAF00AC6AD7 /* AlamofireImage.framework */,
			);
			name = Products;
			sourceTree = "<group>";
		};
		4CDA9E531AACEB740077861B = {
			isa = PBXGroup;
			children = (
				4CDA9E5E1AACEB740077861B /* Source */,
				4CDA9E5D1AACEB740077861B /* Products */,
				4CE5AA871B9BDD48003530D6 /* Alamofire.xcodeproj */,
				4C6CA2481B9BDCAF00AC6AD7 /* AlamofireImage.xcodeproj */,
			);
			sourceTree = "<group>";
		};
		4CDA9E5D1AACEB740077861B /* Products */ = {
			isa = PBXGroup;
			children = (
				4CDA9E5C1AACEB740077861B /* AFImage.app */,
			);
			name = Products;
			sourceTree = "<group>";
		};
		4CDA9E5E1AACEB740077861B /* Source */ = {
			isa = PBXGroup;
			children = (
				4C3006CF1AACEBC20029EA50 /* AppDelegate.swift */,
				4C8290751B925826005E24C8 /* Gravatar.swift */,
				4CF743BE1AAD756500C2C725 /* ImageCell.swift */,
				4CF743C01AAD756500C2C725 /* ImageViewController.swift */,
				4CF743BF1AAD756500C2C725 /* ImagesViewController.swift */,
				4CDA9E5F1AACEB740077861B /* Supporting Files */,
			);
			name = Source;
			path = Example;
			sourceTree = "<group>";
		};
		4CDA9E5F1AACEB740077861B /* Supporting Files */ = {
			isa = PBXGroup;
			children = (
				4C8290771B92582E005E24C8 /* iOS-Example-Bridging-Header.h */,
				4C5AD6C51AACEE7C006EB75F /* LaunchScreen.xib */,
				4C3006CE1AACEBC20029EA50 /* Images.xcassets */,
				4C3006C71AACEBB60029EA50 /* Info.plist */,
			);
			name = "Supporting Files";
			sourceTree = "<group>";
		};
		4CE5AA881B9BDD48003530D6 /* Products */ = {
			isa = PBXGroup;
			children = (
				4CE5AA901B9BDD48003530D6 /* Alamofire.framework */,
				4CE5AA961B9BDD48003530D6 /* Alamofire iOS Tests.xctest */,
				4CE5AA921B9BDD48003530D6 /* Alamofire.framework */,
				4CE5AA981B9BDD48003530D6 /* Alamofire macOS Tests.xctest */,
				29EFDC501D1992DD00B2ACEE /* Alamofire.framework */,
				29EFDC521D1992DD00B2ACEE /* Alamofire tvOS Tests.xctest */,
				4CE5AA941B9BDD48003530D6 /* Alamofire.framework */,
			);
			name = Products;
			sourceTree = "<group>";
		};
/* End PBXGroup section */

/* Begin PBXNativeTarget section */
		4CDA9E5B1AACEB740077861B /* iOS Example */ = {
			isa = PBXNativeTarget;
			buildConfigurationList = 4CDA9E7B1AACEB740077861B /* Build configuration list for PBXNativeTarget "iOS Example" */;
			buildPhases = (
				4CDA9E581AACEB740077861B /* Sources */,
				4CDA9E591AACEB740077861B /* Frameworks */,
				4CDA9E5A1AACEB740077861B /* Resources */,
				4CE5AAA11B9BDD6B003530D6 /* Embed Frameworks */,
			);
			buildRules = (
			);
			dependencies = (
				4CE5AAA01B9BDD6B003530D6 /* PBXTargetDependency */,
				4CE5AAA51B9BDD70003530D6 /* PBXTargetDependency */,
			);
			name = "iOS Example";
			productName = "iOS Example";
			productReference = 4CDA9E5C1AACEB740077861B /* AFImage.app */;
			productType = "com.apple.product-type.application";
		};
/* End PBXNativeTarget section */

/* Begin PBXProject section */
		4CDA9E541AACEB740077861B /* Project object */ = {
			isa = PBXProject;
			attributes = {
				LastSwiftUpdateCheck = 0700;
				LastUpgradeCheck = 0900;
				ORGANIZATIONNAME = Alamofire;
				TargetAttributes = {
					4CDA9E5B1AACEB740077861B = {
						CreatedOnToolsVersion = 6.2;
						LastSwiftMigration = 0900;
					};
				};
			};
			buildConfigurationList = 4CDA9E571AACEB740077861B /* Build configuration list for PBXProject "iOS Example" */;
			compatibilityVersion = "Xcode 3.2";
			developmentRegion = English;
			hasScannedForEncodings = 0;
			knownRegions = (
				en,
				Base,
			);
			mainGroup = 4CDA9E531AACEB740077861B;
			productRefGroup = 4CDA9E5D1AACEB740077861B /* Products */;
			projectDirPath = "";
			projectReferences = (
				{
					ProductGroup = 4CE5AA881B9BDD48003530D6 /* Products */;
					ProjectRef = 4CE5AA871B9BDD48003530D6 /* Alamofire.xcodeproj */;
				},
				{
					ProductGroup = 4C6CA2491B9BDCAF00AC6AD7 /* Products */;
					ProjectRef = 4C6CA2481B9BDCAF00AC6AD7 /* AlamofireImage.xcodeproj */;
				},
			);
			projectRoot = "";
			targets = (
				4CDA9E5B1AACEB740077861B /* iOS Example */,
			);
		};
/* End PBXProject section */

/* Begin PBXReferenceProxy section */
		29EFDC501D1992DD00B2ACEE /* Alamofire.framework */ = {
			isa = PBXReferenceProxy;
			fileType = wrapper.framework;
			path = Alamofire.framework;
			remoteRef = 29EFDC4F1D1992DD00B2ACEE /* PBXContainerItemProxy */;
			sourceTree = BUILT_PRODUCTS_DIR;
		};
		29EFDC521D1992DD00B2ACEE /* Alamofire tvOS Tests.xctest */ = {
			isa = PBXReferenceProxy;
			fileType = wrapper.cfbundle;
			path = "Alamofire tvOS Tests.xctest";
			remoteRef = 29EFDC511D1992DD00B2ACEE /* PBXContainerItemProxy */;
			sourceTree = BUILT_PRODUCTS_DIR;
		};
		29EFDC5A1D1992DD00B2ACEE /* AlamofireImage.framework */ = {
			isa = PBXReferenceProxy;
			fileType = wrapper.framework;
			path = AlamofireImage.framework;
			remoteRef = 29EFDC591D1992DD00B2ACEE /* PBXContainerItemProxy */;
			sourceTree = BUILT_PRODUCTS_DIR;
		};
		29EFDC5C1D1992DD00B2ACEE /* AlamofireImage tvOS Tests.xctest */ = {
			isa = PBXReferenceProxy;
			fileType = wrapper.cfbundle;
			path = "AlamofireImage tvOS Tests.xctest";
			remoteRef = 29EFDC5B1D1992DD00B2ACEE /* PBXContainerItemProxy */;
			sourceTree = BUILT_PRODUCTS_DIR;
		};
		4C6CA2511B9BDCAF00AC6AD7 /* AlamofireImage.framework */ = {
			isa = PBXReferenceProxy;
			fileType = wrapper.framework;
			path = AlamofireImage.framework;
			remoteRef = 4C6CA2501B9BDCAF00AC6AD7 /* PBXContainerItemProxy */;
			sourceTree = BUILT_PRODUCTS_DIR;
		};
		4C6CA2531B9BDCAF00AC6AD7 /* AlamofireImage.framework */ = {
			isa = PBXReferenceProxy;
			fileType = wrapper.framework;
			path = AlamofireImage.framework;
			remoteRef = 4C6CA2521B9BDCAF00AC6AD7 /* PBXContainerItemProxy */;
			sourceTree = BUILT_PRODUCTS_DIR;
		};
		4C6CA2551B9BDCAF00AC6AD7 /* AlamofireImage.framework */ = {
			isa = PBXReferenceProxy;
			fileType = wrapper.framework;
			path = AlamofireImage.framework;
			remoteRef = 4C6CA2541B9BDCAF00AC6AD7 /* PBXContainerItemProxy */;
			sourceTree = BUILT_PRODUCTS_DIR;
		};
		4C6CA2571B9BDCAF00AC6AD7 /* AlamofireImage iOS Tests.xctest */ = {
			isa = PBXReferenceProxy;
			fileType = wrapper.cfbundle;
			path = "AlamofireImage iOS Tests.xctest";
			remoteRef = 4C6CA2561B9BDCAF00AC6AD7 /* PBXContainerItemProxy */;
			sourceTree = BUILT_PRODUCTS_DIR;
		};
		4C6CA2591B9BDCAF00AC6AD7 /* AlamofireImage macOS Tests.xctest */ = {
			isa = PBXReferenceProxy;
			fileType = wrapper.cfbundle;
			path = "AlamofireImage macOS Tests.xctest";
			remoteRef = 4C6CA2581B9BDCAF00AC6AD7 /* PBXContainerItemProxy */;
			sourceTree = BUILT_PRODUCTS_DIR;
		};
		4CE5AA901B9BDD48003530D6 /* Alamofire.framework */ = {
			isa = PBXReferenceProxy;
			fileType = wrapper.framework;
			path = Alamofire.framework;
			remoteRef = 4CE5AA8F1B9BDD48003530D6 /* PBXContainerItemProxy */;
			sourceTree = BUILT_PRODUCTS_DIR;
		};
		4CE5AA921B9BDD48003530D6 /* Alamofire.framework */ = {
			isa = PBXReferenceProxy;
			fileType = wrapper.framework;
			path = Alamofire.framework;
			remoteRef = 4CE5AA911B9BDD48003530D6 /* PBXContainerItemProxy */;
			sourceTree = BUILT_PRODUCTS_DIR;
		};
		4CE5AA941B9BDD48003530D6 /* Alamofire.framework */ = {
			isa = PBXReferenceProxy;
			fileType = wrapper.framework;
			path = Alamofire.framework;
			remoteRef = 4CE5AA931B9BDD48003530D6 /* PBXContainerItemProxy */;
			sourceTree = BUILT_PRODUCTS_DIR;
		};
		4CE5AA961B9BDD48003530D6 /* Alamofire iOS Tests.xctest */ = {
			isa = PBXReferenceProxy;
			fileType = wrapper.cfbundle;
			path = "Alamofire iOS Tests.xctest";
			remoteRef = 4CE5AA951B9BDD48003530D6 /* PBXContainerItemProxy */;
			sourceTree = BUILT_PRODUCTS_DIR;
		};
		4CE5AA981B9BDD48003530D6 /* Alamofire macOS Tests.xctest */ = {
			isa = PBXReferenceProxy;
			fileType = wrapper.cfbundle;
			path = "Alamofire macOS Tests.xctest";
			remoteRef = 4CE5AA971B9BDD48003530D6 /* PBXContainerItemProxy */;
			sourceTree = BUILT_PRODUCTS_DIR;
		};
/* End PBXReferenceProxy section */

/* Begin PBXResourcesBuildPhase section */
		4CDA9E5A1AACEB740077861B /* Resources */ = {
			isa = PBXResourcesBuildPhase;
			buildActionMask = 2147483647;
			files = (
				4C5AD6C71AACEE7C006EB75F /* LaunchScreen.xib in Resources */,
				4C3006D31AACEBC20029EA50 /* Images.xcassets in Resources */,
			);
			runOnlyForDeploymentPostprocessing = 0;
		};
/* End PBXResourcesBuildPhase section */

/* Begin PBXSourcesBuildPhase section */
		4CDA9E581AACEB740077861B /* Sources */ = {
			isa = PBXSourcesBuildPhase;
			buildActionMask = 2147483647;
			files = (
				4CF743C21AAD756500C2C725 /* ImagesViewController.swift in Sources */,
				4C3006D41AACEBC20029EA50 /* AppDelegate.swift in Sources */,
				4C8290761B925826005E24C8 /* Gravatar.swift in Sources */,
				4CF743C31AAD756500C2C725 /* ImageViewController.swift in Sources */,
				4CF743C11AAD756500C2C725 /* ImageCell.swift in Sources */,
			);
			runOnlyForDeploymentPostprocessing = 0;
		};
/* End PBXSourcesBuildPhase section */

/* Begin PBXTargetDependency section */
		4CE5AAA01B9BDD6B003530D6 /* PBXTargetDependency */ = {
			isa = PBXTargetDependency;
			name = "Alamofire iOS";
			targetProxy = 4CE5AA9F1B9BDD6B003530D6 /* PBXContainerItemProxy */;
		};
		4CE5AAA51B9BDD70003530D6 /* PBXTargetDependency */ = {
			isa = PBXTargetDependency;
			name = "AlamofireImage iOS";
			targetProxy = 4CE5AAA41B9BDD70003530D6 /* PBXContainerItemProxy */;
		};
/* End PBXTargetDependency section */

/* Begin PBXVariantGroup section */
		4C5AD6C51AACEE7C006EB75F /* LaunchScreen.xib */ = {
			isa = PBXVariantGroup;
			children = (
				4C5AD6C61AACEE7C006EB75F /* Base */,
			);
			name = LaunchScreen.xib;
			sourceTree = "<group>";
		};
/* End PBXVariantGroup section */

/* Begin XCBuildConfiguration section */
		4CDA9E791AACEB740077861B /* Debug */ = {
			isa = XCBuildConfiguration;
			buildSettings = {
				ALWAYS_SEARCH_USER_PATHS = NO;
				CLANG_CXX_LANGUAGE_STANDARD = "gnu++0x";
				CLANG_CXX_LIBRARY = "libc++";
				CLANG_ENABLE_MODULES = YES;
				CLANG_ENABLE_OBJC_ARC = YES;
				CLANG_WARN_BLOCK_CAPTURE_AUTORELEASING = YES;
				CLANG_WARN_BOOL_CONVERSION = YES;
				CLANG_WARN_COMMA = YES;
				CLANG_WARN_CONSTANT_CONVERSION = YES;
				CLANG_WARN_DIRECT_OBJC_ISA_USAGE = YES_ERROR;
				CLANG_WARN_EMPTY_BODY = YES;
				CLANG_WARN_ENUM_CONVERSION = YES;
				CLANG_WARN_INFINITE_RECURSION = YES;
				CLANG_WARN_INT_CONVERSION = YES;
				CLANG_WARN_NON_LITERAL_NULL_CONVERSION = YES;
				CLANG_WARN_OBJC_LITERAL_CONVERSION = YES;
				CLANG_WARN_OBJC_ROOT_CLASS = YES_ERROR;
				CLANG_WARN_RANGE_LOOP_ANALYSIS = YES;
				CLANG_WARN_STRICT_PROTOTYPES = YES;
				CLANG_WARN_SUSPICIOUS_MOVE = YES;
				CLANG_WARN_UNREACHABLE_CODE = YES;
				CLANG_WARN__DUPLICATE_METHOD_MATCH = YES;
				CODE_SIGN_IDENTITY = "iPhone Developer";
				"CODE_SIGN_IDENTITY[sdk=iphoneos*]" = "iPhone Developer";
				COPY_PHASE_STRIP = NO;
				ENABLE_STRICT_OBJC_MSGSEND = YES;
				ENABLE_TESTABILITY = YES;
				GCC_C_LANGUAGE_STANDARD = gnu99;
				GCC_DYNAMIC_NO_PIC = NO;
				GCC_NO_COMMON_BLOCKS = YES;
				GCC_OPTIMIZATION_LEVEL = 0;
				GCC_PREPROCESSOR_DEFINITIONS = (
					"DEBUG=1",
					"$(inherited)",
				);
				GCC_SYMBOLS_PRIVATE_EXTERN = NO;
				GCC_WARN_64_TO_32_BIT_CONVERSION = YES;
				GCC_WARN_ABOUT_RETURN_TYPE = YES_ERROR;
				GCC_WARN_UNDECLARED_SELECTOR = YES;
				GCC_WARN_UNINITIALIZED_AUTOS = YES_AGGRESSIVE;
				GCC_WARN_UNUSED_FUNCTION = YES;
				GCC_WARN_UNUSED_VARIABLE = YES;
				IPHONEOS_DEPLOYMENT_TARGET = 8.0;
				MACOSX_DEPLOYMENT_TARGET = 10.10;
				MTL_ENABLE_DEBUG_INFO = YES;
				ONLY_ACTIVE_ARCH = YES;
				SDKROOT = iphoneos;
				SWIFT_OBJC_BRIDGING_HEADER = "Example/iOS-Example-Bridging-Header.h";
				SWIFT_OPTIMIZATION_LEVEL = "-Onone";
				SWIFT_SWIFT3_OBJC_INFERENCE = Off;
				SWIFT_VERSION = 3.0;
				TVOS_DEPLOYMENT_TARGET = 9.0;
				WATCHOS_DEPLOYMENT_TARGET = 2.0;
			};
			name = Debug;
		};
		4CDA9E7A1AACEB740077861B /* Release */ = {
			isa = XCBuildConfiguration;
			buildSettings = {
				ALWAYS_SEARCH_USER_PATHS = NO;
				CLANG_CXX_LANGUAGE_STANDARD = "gnu++0x";
				CLANG_CXX_LIBRARY = "libc++";
				CLANG_ENABLE_MODULES = YES;
				CLANG_ENABLE_OBJC_ARC = YES;
				CLANG_WARN_BLOCK_CAPTURE_AUTORELEASING = YES;
				CLANG_WARN_BOOL_CONVERSION = YES;
				CLANG_WARN_COMMA = YES;
				CLANG_WARN_CONSTANT_CONVERSION = YES;
				CLANG_WARN_DIRECT_OBJC_ISA_USAGE = YES_ERROR;
				CLANG_WARN_EMPTY_BODY = YES;
				CLANG_WARN_ENUM_CONVERSION = YES;
				CLANG_WARN_INFINITE_RECURSION = YES;
				CLANG_WARN_INT_CONVERSION = YES;
				CLANG_WARN_NON_LITERAL_NULL_CONVERSION = YES;
				CLANG_WARN_OBJC_LITERAL_CONVERSION = YES;
				CLANG_WARN_OBJC_ROOT_CLASS = YES_ERROR;
				CLANG_WARN_RANGE_LOOP_ANALYSIS = YES;
				CLANG_WARN_STRICT_PROTOTYPES = YES;
				CLANG_WARN_SUSPICIOUS_MOVE = YES;
				CLANG_WARN_UNREACHABLE_CODE = YES;
				CLANG_WARN__DUPLICATE_METHOD_MATCH = YES;
				CODE_SIGN_IDENTITY = "iPhone Developer";
				"CODE_SIGN_IDENTITY[sdk=iphoneos*]" = "iPhone Developer";
				COPY_PHASE_STRIP = NO;
				ENABLE_NS_ASSERTIONS = NO;
				ENABLE_STRICT_OBJC_MSGSEND = YES;
				GCC_C_LANGUAGE_STANDARD = gnu99;
				GCC_NO_COMMON_BLOCKS = YES;
				GCC_WARN_64_TO_32_BIT_CONVERSION = YES;
				GCC_WARN_ABOUT_RETURN_TYPE = YES_ERROR;
				GCC_WARN_UNDECLARED_SELECTOR = YES;
				GCC_WARN_UNINITIALIZED_AUTOS = YES_AGGRESSIVE;
				GCC_WARN_UNUSED_FUNCTION = YES;
				GCC_WARN_UNUSED_VARIABLE = YES;
				IPHONEOS_DEPLOYMENT_TARGET = 8.0;
				MACOSX_DEPLOYMENT_TARGET = 10.10;
				MTL_ENABLE_DEBUG_INFO = NO;
				SDKROOT = iphoneos;
				SWIFT_OBJC_BRIDGING_HEADER = "Example/iOS-Example-Bridging-Header.h";
				SWIFT_OPTIMIZATION_LEVEL = "-Owholemodule";
				SWIFT_SWIFT3_OBJC_INFERENCE = Off;
				SWIFT_VERSION = 3.0;
				TVOS_DEPLOYMENT_TARGET = 9.0;
				VALIDATE_PRODUCT = YES;
				WATCHOS_DEPLOYMENT_TARGET = 2.0;
			};
			name = Release;
		};
		4CDA9E7C1AACEB740077861B /* Debug */ = {
			isa = XCBuildConfiguration;
			buildSettings = {
				ALWAYS_EMBED_SWIFT_STANDARD_LIBRARIES = YES;
				ASSETCATALOG_COMPILER_APPICON_NAME = AppIcon;
				INFOPLIST_FILE = "$(SRCROOT)/Example/Info.plist";
				LD_RUNPATH_SEARCH_PATHS = "$(inherited) @executable_path/Frameworks";
				PRODUCT_BUNDLE_IDENTIFIER = org.alamofire.AFImage;
				PRODUCT_NAME = AFImage;
				TARGETED_DEVICE_FAMILY = "1,2";
			};
			name = Debug;
		};
		4CDA9E7D1AACEB740077861B /* Release */ = {
			isa = XCBuildConfiguration;
			buildSettings = {
				ALWAYS_EMBED_SWIFT_STANDARD_LIBRARIES = YES;
				ASSETCATALOG_COMPILER_APPICON_NAME = AppIcon;
				INFOPLIST_FILE = "$(SRCROOT)/Example/Info.plist";
				LD_RUNPATH_SEARCH_PATHS = "$(inherited) @executable_path/Frameworks";
				PRODUCT_BUNDLE_IDENTIFIER = org.alamofire.AFImage;
				PRODUCT_NAME = AFImage;
				TARGETED_DEVICE_FAMILY = "1,2";
			};
			name = Release;
		};
/* End XCBuildConfiguration section */

/* Begin XCConfigurationList section */
		4CDA9E571AACEB740077861B /* Build configuration list for PBXProject "iOS Example" */ = {
			isa = XCConfigurationList;
			buildConfigurations = (
				4CDA9E791AACEB740077861B /* Debug */,
				4CDA9E7A1AACEB740077861B /* Release */,
			);
			defaultConfigurationIsVisible = 0;
			defaultConfigurationName = Release;
		};
		4CDA9E7B1AACEB740077861B /* Build configuration list for PBXNativeTarget "iOS Example" */ = {
			isa = XCConfigurationList;
			buildConfigurations = (
				4CDA9E7C1AACEB740077861B /* Debug */,
				4CDA9E7D1AACEB740077861B /* Release */,
			);
			defaultConfigurationIsVisible = 0;
			defaultConfigurationName = Release;
		};
/* End XCConfigurationList section */
	};
	rootObject = 4CDA9E541AACEB740077861B /* Project object */;
}
